
Microsoft Visual Studio Solution File, Format Version 12.00
Project("{2150E333-8FDC-42A3-9474-1A3956D46DE8}") = "Api", "Api", "{5C032ED0-C443-4EE8-955C-2A08561AC41B}"
EndProject
Project("{FAE04EC0-301F-11D3-BF4B-00C04F79EFBC}") = "Phacket.Api", "Phacket.Api\Phacket.Api.csproj", "{629E4966-D5FF-46B3-A265-C884A4BADB1C}"
EndProject
Global
	GlobalSection(SolutionConfigurationPlatforms) = preSolution
		Debug|Any CPU = Debug|Any CPU
		Release|Any CPU = Release|Any CPU
	EndGlobalSection
	GlobalSection(NestedProjects) = preSolution
		{629E4966-D5FF-46B3-A265-C884A4BADB1C} = {5C032ED0-C443-4EE8-955C-2A08561AC41B}
	EndGlobalSection
	GlobalSection(ProjectConfigurationPlatforms) = postSolution
		{629E4966-D5FF-46B3-A265-C884A4BADB1C}.Debug|Any CPU.ActiveCfg = Debug|Any CPU
		{629E4966-D5FF-46B3-A265-C884A4BADB1C}.Debug|Any CPU.Build.0 = Debug|Any CPU
		{629E4966-D5FF-46B3-A265-C884A4BADB1C}.Release|Any CPU.ActiveCfg = Release|Any CPU
		{629E4966-D5FF-46B3-A265-C884A4BADB1C}.Release|Any CPU.Build.0 = Release|Any CPU
	EndGlobalSection
EndGlobal
